
Microsoft Visual Studio Solution File, Format Version 12.00
# Visual Studio 15
VisualStudioVersion = 15.0.27428.2037
MinimumVisualStudioVersion = 10.0.40219.1
Project("{9A19103F-16F7-4668-BE54-9A1E7A4F7556}") = "ChickenAPI.PacketGeneratorCLI", "src\ChickenAPI.PacketGeneratorCLI\ChickenAPI.PacketGeneratorCLI.csproj", "{C286CAFA-6B47-4ED9-9531-29F47090F17C}"
EndProject
Project("{9A19103F-16F7-4668-BE54-9A1E7A4F7556}") = "ChickenAPI.Core", "src\ChickenAPI.Core\ChickenAPI.Core.csproj", "{FD111C37-72A1-4370-8909-CF86A797322F}"
EndProject
Project("{9A19103F-16F7-4668-BE54-9A1E7A4F7556}") = "ChickenAPI.Enums", "src\ChickenAPI.Enums\ChickenAPI.Enums.csproj", "{260F0C0B-5FD1-4C17-AAB0-77C7DCDA4F1A}"
EndProject
Project("{9A19103F-16F7-4668-BE54-9A1E7A4F7556}") = "ChickenAPI.Game", "src\ChickenAPI.Game\ChickenAPI.Game.csproj", "{757385B2-FEF5-4482-AEFF-AA17B23145CE}"
EndProject
Project("{9A19103F-16F7-4668-BE54-9A1E7A4F7556}") = "ChickenAPI.Packets", "src\ChickenAPI.Packets\ChickenAPI.Packets.csproj", "{F60A8D18-3778-4896-B5D8-C311751C5B78}"
EndProject
Global
	GlobalSection(SolutionConfigurationPlatforms) = preSolution
		Debug|Any CPU = Debug|Any CPU
		Release|Any CPU = Release|Any CPU
	EndGlobalSection
	GlobalSection(ProjectConfigurationPlatforms) = postSolution
		{C286CAFA-6B47-4ED9-9531-29F47090F17C}.Debug|Any CPU.ActiveCfg = Debug|Any CPU
		{C286CAFA-6B47-4ED9-9531-29F47090F17C}.Debug|Any CPU.Build.0 = Debug|Any CPU
		{C286CAFA-6B47-4ED9-9531-29F47090F17C}.Release|Any CPU.ActiveCfg = Release|Any CPU
		{C286CAFA-6B47-4ED9-9531-29F47090F17C}.Release|Any CPU.Build.0 = Release|Any CPU
		{FD111C37-72A1-4370-8909-CF86A797322F}.Debug|Any CPU.ActiveCfg = Debug|Any CPU
		{FD111C37-72A1-4370-8909-CF86A797322F}.Debug|Any CPU.Build.0 = Debug|Any CPU
		{FD111C37-72A1-4370-8909-CF86A797322F}.Release|Any CPU.ActiveCfg = Release|Any CPU
		{FD111C37-72A1-4370-8909-CF86A797322F}.Release|Any CPU.Build.0 = Release|Any CPU
		{260F0C0B-5FD1-4C17-AAB0-77C7DCDA4F1A}.Debug|Any CPU.ActiveCfg = Debug|Any CPU
		{260F0C0B-5FD1-4C17-AAB0-77C7DCDA4F1A}.Debug|Any CPU.Build.0 = Debug|Any CPU
		{260F0C0B-5FD1-4C17-AAB0-77C7DCDA4F1A}.Release|Any CPU.ActiveCfg = Release|Any CPU
		{260F0C0B-5FD1-4C17-AAB0-77C7DCDA4F1A}.Release|Any CPU.Build.0 = Release|Any CPU
		{757385B2-FEF5-4482-AEFF-AA17B23145CE}.Debug|Any CPU.ActiveCfg = Debug|Any CPU
		{757385B2-FEF5-4482-AEFF-AA17B23145CE}.Debug|Any CPU.Build.0 = Debug|Any CPU
		{757385B2-FEF5-4482-AEFF-AA17B23145CE}.Release|Any CPU.ActiveCfg = Release|Any CPU
		{757385B2-FEF5-4482-AEFF-AA17B23145CE}.Release|Any CPU.Build.0 = Release|Any CPU
		{F60A8D18-3778-4896-B5D8-C311751C5B78}.Debug|Any CPU.ActiveCfg = Debug|Any CPU
		{F60A8D18-3778-4896-B5D8-C311751C5B78}.Debug|Any CPU.Build.0 = Debug|Any CPU
		{F60A8D18-3778-4896-B5D8-C311751C5B78}.Release|Any CPU.ActiveCfg = Release|Any CPU
		{F60A8D18-3778-4896-B5D8-C311751C5B78}.Release|Any CPU.Build.0 = Release|Any CPU
	EndGlobalSection
	GlobalSection(SolutionProperties) = preSolution
		HideSolutionNode = FALSE
	EndGlobalSection
	GlobalSection(ExtensibilityGlobals) = postSolution
		SolutionGuid = {E96A7452-8082-486D-BD2E-63F5A77CF16C}
	EndGlobalSection
EndGlobal
