
Microsoft Visual Studio Solution File, Format Version 12.00
# Visual Studio 15
VisualStudioVersion = 15.0.27428.2015
MinimumVisualStudioVersion = 10.0.40219.1
Project("{9A19103F-16F7-4668-BE54-9A1E7A4F7556}") = "ChickenAPI", "src\ChickenAPI\ChickenAPI.csproj", "{34A37BA5-AE4F-4727-BA15-CD9F02F26390}"
Global
	GlobalSection(SolutionConfigurationPlatforms) = preSolution
		Debug|Any CPU = Debug|Any CPU
		Release|Any CPU = Release|Any CPU
	EndGlobalSection
	GlobalSection(ProjectConfigurationPlatforms) = postSolution
		{34A37BA5-AE4F-4727-BA15-CD9F02F26390}.Debug|Any CPU.ActiveCfg = Debug|Any CPU
		{34A37BA5-AE4F-4727-BA15-CD9F02F26390}.Debug|Any CPU.Build.0 = Debug|Any CPU
		{34A37BA5-AE4F-4727-BA15-CD9F02F26390}.Release|Any CPU.ActiveCfg = Release|Any CPU
		{34A37BA5-AE4F-4727-BA15-CD9F02F26390}.Release|Any CPU.Build.0 = Release|Any CPU
	EndGlobalSection
	GlobalSection(SolutionProperties) = preSolution
		HideSolutionNode = FALSE
	EndGlobalSection
	GlobalSection(ExtensibilityGlobals) = postSolution
		SolutionGuid = {33B1EC1B-965D-4770-B047-390647E82322}
	EndGlobalSection
EndGlobal
